
Microsoft Visual Studio Solution File, Format Version 12.00
# Visual Studio Version 17
VisualStudioVersion = 17.6.33815.320
MinimumVisualStudioVersion = 10.0.40219.1
Project("{FAE04EC0-301F-11D3-BF4B-00C04F79EFBC}") = "knuth_morris_pratt", "knuth_morris_pratt\knuth_morris_pratt.csproj", "{3A7A20BE-7BD4-41DA-9301-77D19F698D06}"
EndProject
Global
	GlobalSection(SolutionConfigurationPlatforms) = preSolution
		Debug|Any CPU = Debug|Any CPU
		Release|Any CPU = Release|Any CPU
	EndGlobalSection
	GlobalSection(ProjectConfigurationPlatforms) = postSolution
		{3A7A20BE-7BD4-41DA-9301-77D19F698D06}.Debug|Any CPU.ActiveCfg = Debug|Any CPU
		{3A7A20BE-7BD4-41DA-9301-77D19F698D06}.Debug|Any CPU.Build.0 = Debug|Any CPU
		{3A7A20BE-7BD4-41DA-9301-77D19F698D06}.Release|Any CPU.ActiveCfg = Release|Any CPU
		{3A7A20BE-7BD4-41DA-9301-77D19F698D06}.Release|Any CPU.Build.0 = Release|Any CPU
	EndGlobalSection
	GlobalSection(SolutionProperties) = preSolution
		HideSolutionNode = FALSE
	EndGlobalSection
	GlobalSection(ExtensibilityGlobals) = postSolution
		SolutionGuid = {CE5DD47A-FDB9-44B2-9D6F-D633AE43A02A}
	EndGlobalSection
EndGlobal
